// !$*UTF8*$!
{
	archiveVersion = 1;
	classes = {
	};
	objectVersion = 46;
	objects = {

/* Begin PBXBuildFile section */
		A2A80C1E1CEC219D002D61E3 /* AppDelegate.swift in Sources */ = {isa = PBXBuildFile; fileRef = A2A80C1D1CEC219D002D61E3 /* AppDelegate.swift */; };
		A2A80C201CEC219D002D61E3 /* ViewController.swift in Sources */ = {isa = PBXBuildFile; fileRef = A2A80C1F1CEC219D002D61E3 /* ViewController.swift */; };
		A2A80C231CEC219D002D61E3 /* Main.storyboard in Resources */ = {isa = PBXBuildFile; fileRef = A2A80C211CEC219D002D61E3 /* Main.storyboard */; };
		A2A80C251CEC219D002D61E3 /* Assets.xcassets in Resources */ = {isa = PBXBuildFile; fileRef = A2A80C241CEC219D002D61E3 /* Assets.xcassets */; };
		A2A80C281CEC219D002D61E3 /* LaunchScreen.storyboard in Resources */ = {isa = PBXBuildFile; fileRef = A2A80C261CEC219D002D61E3 /* LaunchScreen.storyboard */; };
		A2A80C331CEC219D002D61E3 /* swiftDemoTests.swift in Sources */ = {isa = PBXBuildFile; fileRef = A2A80C321CEC219D002D61E3 /* swiftDemoTests.swift */; };
		A2A80C3E1CEC219D002D61E3 /* swiftDemoUITests.swift in Sources */ = {isa = PBXBuildFile; fileRef = A2A80C3D1CEC219D002D61E3 /* swiftDemoUITests.swift */; };
/* End PBXBuildFile section */

/* Begin PBXContainerItemProxy section */
		A2A80C2F1CEC219D002D61E3 /* PBXContainerItemProxy */ = {
			isa = PBXContainerItemProxy;
			containerPortal = A2A80C121CEC219D002D61E3 /* Project object */;
			proxyType = 1;
			remoteGlobalIDString = A2A80C191CEC219D002D61E3;
			remoteInfo = swiftDemo;
		};
		A2A80C3A1CEC219D002D61E3 /* PBXContainerItemProxy */ = {
			isa = PBXContainerItemProxy;
			containerPortal = A2A80C121CEC219D002D61E3 /* Project object */;
			proxyType = 1;
			remoteGlobalIDString = A2A80C191CEC219D002D61E3;
			remoteInfo = swiftDemo;
		};
/* End PBXContainerItemProxy section */

/* Begin PBXFileReference section */
		A2A80C1A1CEC219D002D61E3 /* swiftDemo.app */ = {isa = PBXFileReference; explicitFileType = wrapper.application; includeInIndex = 0; path = swiftDemo.app; sourceTree = BUILT_PRODUCTS_DIR; };
		A2A80C1D1CEC219D002D61E3 /* AppDelegate.swift */ = {isa = PBXFileReference; lastKnownFileType = sourcecode.swift; path = AppDelegate.swift; sourceTree = "<group>"; };
		A2A80C1F1CEC219D002D61E3 /* ViewController.swift */ = {isa = PBXFileReference; lastKnownFileType = sourcecode.swift; path = ViewController.swift; sourceTree = "<group>"; };
		A2A80C221CEC219D002D61E3 /* Base */ = {isa = PBXFileReference; lastKnownFileType = file.storyboard; name = Base; path = Base.lproj/Main.storyboard; sourceTree = "<group>"; };
		A2A80C241CEC219D002D61E3 /* Assets.xcassets */ = {isa = PBXFileReference; lastKnownFileType = folder.assetcatalog; path = Assets.xcassets; sourceTree = "<group>"; };
		A2A80C271CEC219D002D61E3 /* Base */ = {isa = PBXFileReference; lastKnownFileType = file.storyboard; name = Base; path = Base.lproj/LaunchScreen.storyboard; sourceTree = "<group>"; };
		A2A80C291CEC219D002D61E3 /* Info.plist */ = {isa = PBXFileReference; lastKnownFileType = text.plist.xml; path = Info.plist; sourceTree = "<group>"; };
		A2A80C2E1CEC219D002D61E3 /* swiftDemoTests.xctest */ = {isa = PBXFileReference; explicitFileType = wrapper.cfbundle; includeInIndex = 0; path = swiftDemoTests.xctest; sourceTree = BUILT_PRODUCTS_DIR; };
		A2A80C321CEC219D002D61E3 /* swiftDemoTests.swift */ = {isa = PBXFileReference; lastKnownFileType = sourcecode.swift; path = swiftDemoTests.swift; sourceTree = "<group>"; };
		A2A80C341CEC219D002D61E3 /* Info.plist */ = {isa = PBXFileReference; lastKnownFileType = text.plist.xml; path = Info.plist; sourceTree = "<group>"; };
		A2A80C391CEC219D002D61E3 /* swiftDemoUITests.xctest */ = {isa = PBXFileReference; explicitFileType = wrapper.cfbundle; includeInIndex = 0; path = swiftDemoUITests.xctest; sourceTree = BUILT_PRODUCTS_DIR; };
		A2A80C3D1CEC219D002D61E3 /* swiftDemoUITests.swift */ = {isa = PBXFileReference; lastKnownFileType = sourcecode.swift; path = swiftDemoUITests.swift; sourceTree = "<group>"; };
		A2A80C3F1CEC219D002D61E3 /* Info.plist */ = {isa = PBXFileReference; lastKnownFileType = text.plist.xml; path = Info.plist; sourceTree = "<group>"; };
/* End PBXFileReference section */

/* Begin PBXFrameworksBuildPhase section */
		A2A80C171CEC219D002D61E3 /* Frameworks */ = {
			isa = PBXFrameworksBuildPhase;
			buildActionMask = 2147483647;
			files = (
			);
			runOnlyForDeploymentPostprocessing = 0;
		};
		A2A80C2B1CEC219D002D61E3 /* Frameworks */ = {
			isa = PBXFrameworksBuildPhase;
			buildActionMask = 2147483647;
			files = (
			);
			runOnlyForDeploymentPostprocessing = 0;
		};
		A2A80C361CEC219D002D61E3 /* Frameworks */ = {
			isa = PBXFrameworksBuildPhase;
			buildActionMask = 2147483647;
			files = (
			);
			runOnlyForDeploymentPostprocessing = 0;
		};
/* End PBXFrameworksBuildPhase section */

/* Begin PBXGroup section */
		A2A80C111CEC219D002D61E3 = {
			isa = PBXGroup;
			children = (
				A2A80C1C1CEC219D002D61E3 /* swiftDemo */,
				A2A80C311CEC219D002D61E3 /* swiftDemoTests */,
				A2A80C3C1CEC219D002D61E3 /* swiftDemoUITests */,
				A2A80C1B1CEC219D002D61E3 /* Products */,
			);
			sourceTree = "<group>";
		};
		A2A80C1B1CEC219D002D61E3 /* Products */ = {
			isa = PBXGroup;
			children = (
				A2A80C1A1CEC219D002D61E3 /* swiftDemo.app */,
				A2A80C2E1CEC219D002D61E3 /* swiftDemoTests.xctest */,
				A2A80C391CEC219D002D61E3 /* swiftDemoUITests.xctest */,
			);
			name = Products;
			sourceTree = "<group>";
		};
		A2A80C1C1CEC219D002D61E3 /* swiftDemo */ = {
			isa = PBXGroup;
			children = (
				A2A80C1D1CEC219D002D61E3 /* AppDelegate.swift */,
				A2A80C1F1CEC219D002D61E3 /* ViewController.swift */,
				A2A80C211CEC219D002D61E3 /* Main.storyboard */,
				A2A80C241CEC219D002D61E3 /* Assets.xcassets */,
				A2A80C261CEC219D002D61E3 /* LaunchScreen.storyboard */,
				A2A80C291CEC219D002D61E3 /* Info.plist */,
			);
			path = swiftDemo;
			sourceTree = "<group>";
		};
		A2A80C311CEC219D002D61E3 /* swiftDemoTests */ = {
			isa = PBXGroup;
			children = (
				A2A80C321CEC219D002D61E3 /* swiftDemoTests.swift */,
				A2A80C341CEC219D002D61E3 /* Info.plist */,
			);
			path = swiftDemoTests;
			sourceTree = "<group>";
		};
		A2A80C3C1CEC219D002D61E3 /* swiftDemoUITests */ = {
			isa = PBXGroup;
			children = (
				A2A80C3D1CEC219D002D61E3 /* swiftDemoUITests.swift */,
				A2A80C3F1CEC219D002D61E3 /* Info.plist */,
			);
			path = swiftDemoUITests;
			sourceTree = "<group>";
		};
/* End PBXGroup section */

/* Begin PBXNativeTarget section */
		A2A80C191CEC219D002D61E3 /* swiftDemo */ = {
			isa = PBXNativeTarget;
			buildConfigurationList = A2A80C421CEC219D002D61E3 /* Build configuration list for PBXNativeTarget "swiftDemo" */;
			buildPhases = (
				A2A80C161CEC219D002D61E3 /* Sources */,
				A2A80C171CEC219D002D61E3 /* Frameworks */,
				A2A80C181CEC219D002D61E3 /* Resources */,
			);
			buildRules = (
			);
			dependencies = (
			);
			name = swiftDemo;
			productName = swiftDemo;
			productReference = A2A80C1A1CEC219D002D61E3 /* swiftDemo.app */;
			productType = "com.apple.product-type.application";
		};
		A2A80C2D1CEC219D002D61E3 /* swiftDemoTests */ = {
			isa = PBXNativeTarget;
			buildConfigurationList = A2A80C451CEC219D002D61E3 /* Build configuration list for PBXNativeTarget "swiftDemoTests" */;
			buildPhases = (
				A2A80C2A1CEC219D002D61E3 /* Sources */,
				A2A80C2B1CEC219D002D61E3 /* Frameworks */,
				A2A80C2C1CEC219D002D61E3 /* Resources */,
			);
			buildRules = (
			);
			dependencies = (
				A2A80C301CEC219D002D61E3 /* PBXTargetDependency */,
			);
			name = swiftDemoTests;
			productName = swiftDemoTests;
			productReference = A2A80C2E1CEC219D002D61E3 /* swiftDemoTests.xctest */;
			productType = "com.apple.product-type.bundle.unit-test";
		};
		A2A80C381CEC219D002D61E3 /* swiftDemoUITests */ = {
			isa = PBXNativeTarget;
			buildConfigurationList = A2A80C481CEC219D002D61E3 /* Build configuration list for PBXNativeTarget "swiftDemoUITests" */;
			buildPhases = (
				A2A80C351CEC219D002D61E3 /* Sources */,
				A2A80C361CEC219D002D61E3 /* Frameworks */,
				A2A80C371CEC219D002D61E3 /* Resources */,
			);
			buildRules = (
			);
			dependencies = (
				A2A80C3B1CEC219D002D61E3 /* PBXTargetDependency */,
			);
			name = swiftDemoUITests;
			productName = swiftDemoUITests;
			productReference = A2A80C391CEC219D002D61E3 /* swiftDemoUITests.xctest */;
			productType = "com.apple.product-type.bundle.ui-testing";
		};
/* End PBXNativeTarget section */

/* Begin PBXProject section */
		A2A80C121CEC219D002D61E3 /* Project object */ = {
			isa = PBXProject;
			attributes = {
				LastSwiftUpdateCheck = 0730;
				LastUpgradeCheck = 0730;
				ORGANIZATIONNAME = Kelly;
				TargetAttributes = {
					A2A80C191CEC219D002D61E3 = {
						CreatedOnToolsVersion = 7.3;
					};
					A2A80C2D1CEC219D002D61E3 = {
						CreatedOnToolsVersion = 7.3;
						TestTargetID = A2A80C191CEC219D002D61E3;
					};
					A2A80C381CEC219D002D61E3 = {
						CreatedOnToolsVersion = 7.3;
						TestTargetID = A2A80C191CEC219D002D61E3;
					};
				};
			};
			buildConfigurationList = A2A80C151CEC219D002D61E3 /* Build configuration list for PBXProject "swiftDemo" */;
			compatibilityVersion = "Xcode 3.2";
			developmentRegion = English;
			hasScannedForEncodings = 0;
			knownRegions = (
				en,
				Base,
			);
			mainGroup = A2A80C111CEC219D002D61E3;
			productRefGroup = A2A80C1B1CEC219D002D61E3 /* Products */;
			projectDirPath = "";
			projectRoot = "";
			targets = (
				A2A80C191CEC219D002D61E3 /* swiftDemo */,
				A2A80C2D1CEC219D002D61E3 /* swiftDemoTests */,
				A2A80C381CEC219D002D61E3 /* swiftDemoUITests */,
			);
		};
/* End PBXProject section */

/* Begin PBXResourcesBuildPhase section */
		A2A80C181CEC219D002D61E3 /* Resources */ = {
			isa = PBXResourcesBuildPhase;
			buildActionMask = 2147483647;
			files = (
				A2A80C281CEC219D002D61E3 /* LaunchScreen.storyboard in Resources */,
				A2A80C251CEC219D002D61E3 /* Assets.xcassets in Resources */,
				A2A80C231CEC219D002D61E3 /* Main.storyboard in Resources */,
			);
			runOnlyForDeploymentPostprocessing = 0;
		};
		A2A80C2C1CEC219D002D61E3 /* Resources */ = {
			isa = PBXResourcesBuildPhase;
			buildActionMask = 2147483647;
			files = (
			);
			runOnlyForDeploymentPostprocessing = 0;
		};
		A2A80C371CEC219D002D61E3 /* Resources */ = {
			isa = PBXResourcesBuildPhase;
			buildActionMask = 2147483647;
			files = (
			);
			runOnlyForDeploymentPostprocessing = 0;
		};
/* End PBXResourcesBuildPhase section */

/* Begin PBXSourcesBuildPhase section */
		A2A80C161CEC219D002D61E3 /* Sources */ = {
			isa = PBXSourcesBuildPhase;
			buildActionMask = 2147483647;
			files = (
				A2A80C201CEC219D002D61E3 /* ViewController.swift in Sources */,
				A2A80C1E1CEC219D002D61E3 /* AppDelegate.swift in Sources */,
			);
			runOnlyForDeploymentPostprocessing = 0;
		};
		A2A80C2A1CEC219D002D61E3 /* Sources */ = {
			isa = PBXSourcesBuildPhase;
			buildActionMask = 2147483647;
			files = (
				A2A80C331CEC219D002D61E3 /* swiftDemoTests.swift in Sources */,
			);
			runOnlyForDeploymentPostprocessing = 0;
		};
		A2A80C351CEC219D002D61E3 /* Sources */ = {
			isa = PBXSourcesBuildPhase;
			buildActionMask = 2147483647;
			files = (
				A2A80C3E1CEC219D002D61E3 /* swiftDemoUITests.swift in Sources */,
			);
			runOnlyForDeploymentPostprocessing = 0;
		};
/* End PBXSourcesBuildPhase section */

/* Begin PBXTargetDependency section */
		A2A80C301CEC219D002D61E3 /* PBXTargetDependency */ = {
			isa = PBXTargetDependency;
			target = A2A80C191CEC219D002D61E3 /* swiftDemo */;
			targetProxy = A2A80C2F1CEC219D002D61E3 /* PBXContainerItemProxy */;
		};
		A2A80C3B1CEC219D002D61E3 /* PBXTargetDependency */ = {
			isa = PBXTargetDependency;
			target = A2A80C191CEC219D002D61E3 /* swiftDemo */;
			targetProxy = A2A80C3A1CEC219D002D61E3 /* PBXContainerItemProxy */;
		};
/* End PBXTargetDependency section */

/* Begin PBXVariantGroup section */
		A2A80C211CEC219D002D61E3 /* Main.storyboard */ = {
			isa = PBXVariantGroup;
			children = (
				A2A80C221CEC219D002D61E3 /* Base */,
			);
			name = Main.storyboard;
			sourceTree = "<group>";
		};
		A2A80C261CEC219D002D61E3 /* LaunchScreen.storyboard */ = {
			isa = PBXVariantGroup;
			children = (
				A2A80C271CEC219D002D61E3 /* Base */,
			);
			name = LaunchScreen.storyboard;
			sourceTree = "<group>";
		};
/* End PBXVariantGroup section */

/* Begin XCBuildConfiguration section */
		A2A80C401CEC219D002D61E3 /* Debug */ = {
			isa = XCBuildConfiguration;
			buildSettings = {
				ALWAYS_SEARCH_USER_PATHS = NO;
				CLANG_ANALYZER_NONNULL = YES;
				CLANG_CXX_LANGUAGE_STANDARD = "gnu++0x";
				CLANG_CXX_LIBRARY = "libc++";
				CLANG_ENABLE_MODULES = YES;
				CLANG_ENABLE_OBJC_ARC = YES;
				CLANG_WARN_BOOL_CONVERSION = YES;
				CLANG_WARN_CONSTANT_CONVERSION = YES;
				CLANG_WARN_DIRECT_OBJC_ISA_USAGE = YES_ERROR;
				CLANG_WARN_EMPTY_BODY = YES;
				CLANG_WARN_ENUM_CONVERSION = YES;
				CLANG_WARN_INT_CONVERSION = YES;
				CLANG_WARN_OBJC_ROOT_CLASS = YES_ERROR;
				CLANG_WARN_UNREACHABLE_CODE = YES;
				CLANG_WARN__DUPLICATE_METHOD_MATCH = YES;
				"CODE_SIGN_IDENTITY[sdk=iphoneos*]" = "iPhone Developer";
				COPY_PHASE_STRIP = NO;
				DEBUG_INFORMATION_FORMAT = dwarf;
				ENABLE_STRICT_OBJC_MSGSEND = YES;
				ENABLE_TESTABILITY = YES;
				GCC_C_LANGUAGE_STANDARD = gnu99;
				GCC_DYNAMIC_NO_PIC = NO;
				GCC_NO_COMMON_BLOCKS = YES;
				GCC_OPTIMIZATION_LEVEL = 0;
				GCC_PREPROCESSOR_DEFINITIONS = (
					"DEBUG=1",
					"$(inherited)",
				);
				GCC_WARN_64_TO_32_BIT_CONVERSION = YES;
				GCC_WARN_ABOUT_RETURN_TYPE = YES_ERROR;
				GCC_WARN_UNDECLARED_SELECTOR = YES;
				GCC_WARN_UNINITIALIZED_AUTOS = YES_AGGRESSIVE;
				GCC_WARN_UNUSED_FUNCTION = YES;
				GCC_WARN_UNUSED_VARIABLE = YES;
				IPHONEOS_DEPLOYMENT_TARGET = 9.3;
				MTL_ENABLE_DEBUG_INFO = YES;
				ONLY_ACTIVE_ARCH = YES;
				SDKROOT = iphoneos;
				SWIFT_OPTIMIZATION_LEVEL = "-Onone";
			};
			name = Debug;
		};
		A2A80C411CEC219D002D61E3 /* Release */ = {
			isa = XCBuildConfiguration;
			buildSettings = {
				ALWAYS_SEARCH_USER_PATHS = NO;
				CLANG_ANALYZER_NONNULL = YES;
				CLANG_CXX_LANGUAGE_STANDARD = "gnu++0x";
				CLANG_CXX_LIBRARY = "libc++";
				CLANG_ENABLE_MODULES = YES;
				CLANG_ENABLE_OBJC_ARC = YES;
				CLANG_WARN_BOOL_CONVERSION = YES;
				CLANG_WARN_CONSTANT_CONVERSION = YES;
				CLANG_WARN_DIRECT_OBJC_ISA_USAGE = YES_ERROR;
				CLANG_WARN_EMPTY_BODY = YES;
				CLANG_WARN_ENUM_CONVERSION = YES;
				CLANG_WARN_INT_CONVERSION = YES;
				CLANG_WARN_OBJC_ROOT_CLASS = YES_ERROR;
				CLANG_WARN_UNREACHABLE_CODE = YES;
				CLANG_WARN__DUPLICATE_METHOD_MATCH = YES;
				"CODE_SIGN_IDENTITY[sdk=iphoneos*]" = "iPhone Developer";
				COPY_PHASE_STRIP = NO;
				DEBUG_INFORMATION_FORMAT = "dwarf-with-dsym";
				ENABLE_NS_ASSERTIONS = NO;
				ENABLE_STRICT_OBJC_MSGSEND = YES;
				GCC_C_LANGUAGE_STANDARD = gnu99;
				GCC_NO_COMMON_BLOCKS = YES;
				GCC_WARN_64_TO_32_BIT_CONVERSION = YES;
				GCC_WARN_ABOUT_RETURN_TYPE = YES_ERROR;
				GCC_WARN_UNDECLARED_SELECTOR = YES;
				GCC_WARN_UNINITIALIZED_AUTOS = YES_AGGRESSIVE;
				GCC_WARN_UNUSED_FUNCTION = YES;
				GCC_WARN_UNUSED_VARIABLE = YES;
				IPHONEOS_DEPLOYMENT_TARGET = 9.3;
				MTL_ENABLE_DEBUG_INFO = NO;
				SDKROOT = iphoneos;
				VALIDATE_PRODUCT = YES;
			};
			name = Release;
		};
		A2A80C431CEC219D002D61E3 /* Debug */ = {
			isa = XCBuildConfiguration;
			buildSettings = {
				ASSETCATALOG_COMPILER_APPICON_NAME = AppIcon;
				INFOPLIST_FILE = swiftDemo/Info.plist;
				LD_RUNPATH_SEARCH_PATHS = "$(inherited) @executable_path/Frameworks";
				PRODUCT_BUNDLE_IDENTIFIER = com.nutriunion.swiftDemo.swiftDemo;
				PRODUCT_NAME = "$(TARGET_NAME)";
			};
			name = Debug;
		};
		A2A80C441CEC219D002D61E3 /* Release */ = {
			isa = XCBuildConfiguration;
			buildSettings = {
				ASSETCATALOG_COMPILER_APPICON_NAME = AppIcon;
				INFOPLIST_FILE = swiftDemo/Info.plist;
				LD_RUNPATH_SEARCH_PATHS = "$(inherited) @executable_path/Frameworks";
				PRODUCT_BUNDLE_IDENTIFIER = com.nutriunion.swiftDemo.swiftDemo;
				PRODUCT_NAME = "$(TARGET_NAME)";
			};
			name = Release;
		};
		A2A80C461CEC219D002D61E3 /* Debug */ = {
			isa = XCBuildConfiguration;
			buildSettings = {
				BUNDLE_LOADER = "$(TEST_HOST)";
				INFOPLIST_FILE = swiftDemoTests/Info.plist;
				LD_RUNPATH_SEARCH_PATHS = "$(inherited) @executable_path/Frameworks @loader_path/Frameworks";
				PRODUCT_BUNDLE_IDENTIFIER = com.nutriunion.swiftDemo.swiftDemoTests;
				PRODUCT_NAME = "$(TARGET_NAME)";
				TEST_HOST = "$(BUILT_PRODUCTS_DIR)/swiftDemo.app/swiftDemo";
			};
			name = Debug;
		};
		A2A80C471CEC219D002D61E3 /* Release */ = {
			isa = XCBuildConfiguration;
			buildSettings = {
				BUNDLE_LOADER = "$(TEST_HOST)";
				INFOPLIST_FILE = swiftDemoTests/Info.plist;
				LD_RUNPATH_SEARCH_PATHS = "$(inherited) @executable_path/Frameworks @loader_path/Frameworks";
				PRODUCT_BUNDLE_IDENTIFIER = com.nutriunion.swiftDemo.swiftDemoTests;
				PRODUCT_NAME = "$(TARGET_NAME)";
				TEST_HOST = "$(BUILT_PRODUCTS_DIR)/swiftDemo.app/swiftDemo";
			};
			name = Release;
		};
		A2A80C491CEC219D002D61E3 /* Debug */ = {
			isa = XCBuildConfiguration;
			buildSettings = {
				INFOPLIST_FILE = swiftDemoUITests/Info.plist;
				LD_RUNPATH_SEARCH_PATHS = "$(inherited) @executable_path/Frameworks @loader_path/Frameworks";
				PRODUCT_BUNDLE_IDENTIFIER = com.nutriunion.swiftDemo.swiftDemoUITests;
				PRODUCT_NAME = "$(TARGET_NAME)";
				TEST_TARGET_NAME = swiftDemo;
			};
			name = Debug;
		};
		A2A80C4A1CEC219D002D61E3 /* Release */ = {
			isa = XCBuildConfiguration;
			buildSettings = {
				INFOPLIST_FILE = swiftDemoUITests/Info.plist;
				LD_RUNPATH_SEARCH_PATHS = "$(inherited) @executable_path/Frameworks @loader_path/Frameworks";
				PRODUCT_BUNDLE_IDENTIFIER = com.nutriunion.swiftDemo.swiftDemoUITests;
				PRODUCT_NAME = "$(TARGET_NAME)";
				TEST_TARGET_NAME = swiftDemo;
			};
			name = Release;
		};
/* End XCBuildConfiguration section */

/* Begin XCConfigurationList section */
		A2A80C151CEC219D002D61E3 /* Build configuration list for PBXProject "swiftDemo" */ = {
			isa = XCConfigurationList;
			buildConfigurations = (
				A2A80C401CEC219D002D61E3 /* Debug */,
				A2A80C411CEC219D002D61E3 /* Release */,
			);
			defaultConfigurationIsVisible = 0;
			defaultConfigurationName = Release;
		};
		A2A80C421CEC219D002D61E3 /* Build configuration list for PBXNativeTarget "swiftDemo" */ = {
			isa = XCConfigurationList;
			buildConfigurations = (
				A2A80C431CEC219D002D61E3 /* Debug */,
				A2A80C441CEC219D002D61E3 /* Release */,
			);
			defaultConfigurationIsVisible = 0;
		};
		A2A80C451CEC219D002D61E3 /* Build configuration list for PBXNativeTarget "swiftDemoTests" */ = {
			isa = XCConfigurationList;
			buildConfigurations = (
				A2A80C461CEC219D002D61E3 /* Debug */,
				A2A80C471CEC219D002D61E3 /* Release */,
			);
			defaultConfigurationIsVisible = 0;
		};
		A2A80C481CEC219D002D61E3 /* Build configuration list for PBXNativeTarget "swiftDemoUITests" */ = {
			isa = XCConfigurationList;
			buildConfigurations = (
				A2A80C491CEC219D002D61E3 /* Debug */,
				A2A80C4A1CEC219D002D61E3 /* Release */,
			);
			defaultConfigurationIsVisible = 0;
		};
/* End XCConfigurationList section */
	};
	rootObject = A2A80C121CEC219D002D61E3 /* Project object */;
}
